github.com/davecgh/go-spew v1.1.1 h1:vj9j/u1bqnvCEfJOwUhtlOARqs3+rkHYY13jYWTU97c=
github.com/davecgh/go-spew v1.1.1/go.mod h1:J7Y8YcW2NihsgmVo/mv3lAwl/skON4iLHjSsI+c5H38=
github.com/gorilla/mux v1.8.1 h1:TuBL49tXwgrFYWhqrNgrUNEY92u81SPhu7sTdzQEiWY=
github.com/gorilla/mux v1.8.1/go.mod h1:AKf9I4AEqPTmMytcMc0KkNouC66V3BtZ4qD5fmWSiMQ=
github.com/lxn/win v0.0.0-20210218163916-a377121e959e h1:H+t6A/QJMbhCSEH5rAuRxh+CtW96g0Or0Fxa9IKr4uc=
github.com/lxn/win v0.0.0-20210218163916-a377121e959e/go.mod h1:KxxjdtRkfNoYDCUP5ryK7XJJNTnpC8atvtmTheChOtk=
github.com/mattn/go-sqlite3 v1.14.17 h1:mCRHCLDUBXgpKAqIKsaAaAsrAlbkeomtRFKXh2L6YIM=
github.com/mattn/go-sqlite3 v1.14.17/go.mod h1:2eHXhiwb8IkHr+BDWZGa96P6+rkvnG63S2DGjv9HUNg=
github.com/necroin/golibs v0.0.0-20240503181837-e7dc685189fa h1:ovGpkgol1Du6hSDyZ3HYDfNCMW6acY2mvQBlCcr1ERo=
github.com/necroin/golibs v0.0.0-20240503181837-e7dc685189fa/go.mod h1:LZ7xqxBv89h0t3n2DliRFpOtQCz2j1UUgMpUaKxPwLU=
github.com/necroin/golibs v0.0.0-20240503202132-f91670ce67fe h1:5tyRqan6QF/fUEi1Hqrg9VJcYDUpx75XvnQXTwkBpDA=
github.com/necroin/golibs v0.0.0-20240503202132-f91670ce67fe/go.mod h1:LZ7xqxBv89h0t3n2DliRFpOtQCz2j1UUgMpUaKxPwLU=
github.com/necroin/golibs v0.0.0-20240503204851-86d6f6c006be h1:GnQtmM8fCZmNckAJK2tbttJ/Pm7e6Odid/Un6FLo74E=
github.com/necroin/golibs v0.0.0-20240503204851-86d6f6c006be/go.mod h1:LZ7xqxBv89h0t3n2DliRFpOtQCz2j1UUgMpUaKxPwLU=
github.com/necroin/golibs v0.0.0-20240503213226-c36cb32420e4 h1:5M1YUtlGOOwLzSQb5MC9BkeKWIeeYP5ZDHrvJXRFWBg=
github.com/necroin/golibs v0.0.0-20240503213226-c36cb32420e4/go.mod h1:LZ7xqxBv89h0t3n2DliRFpOtQCz2j1UUgMpUaKxPwLU=
github.com/necroin/golibs v0.0.0-20240503224418-f78a2d44173a h1:P9FrgNo/Yhg/JLV5w+5x9cetE1+qplkllq1ITSzENvM=
github.com/necroin/golibs v0.0.0-20240503224418-f78a2d44173a/go.mod h1:LZ7xqxBv89h0t3n2DliRFpOtQCz2j1UUgMpUaKxPwLU=
github.com/necroin/golibs v0.0.0-20240504012512-237152b1748a h1:rUxMD9UZ+k0O2Yj4ql9PLc4q+Ex/+5xXeydZdGja9pg=
github.com/necroin/golibs v0.0.0-20240504012512-237152b1748a/go.mod h1:LZ7xqxBv89h0t3n2DliRFpOtQCz2j1UUgMpUaKxPwLU=
github.com/necroin/golibs v0.0.0-20240504013935-8ae872b7c967 h1:CoF/JEBI4f2Pcv1E0TMZaqgpYfW3iHOhcsnIZKUKQWo=
github.com/necroin/golibs v0.0.0-20240504013935-8ae872b7c967/go.mod h1:LZ7xqxBv89h0t3n2DliRFpOtQCz2j1UUgMpUaKxPwLU=
github.com/necroin/golibs v0.0.0-20240504015606-1255f688b714 h1:M2ImlsVe8AEJfQdc9feiBX2BLD5W1uyOFdaKzQB3K6g=
github.com/necroin/golibs v0.0.0-20240504015606-1255f688b714/go.mod h1:LZ7xqxBv89h0t3n2DliRFpOtQCz2j1UUgMpUaKxPwLU=
github.com/necroin/golibs v0.0.0-20240504202415-32eede095363 h1:vvHoG4LOGNhTH4SrcdLk/AGn0I1ePrvTUq8WoCfhHaQ=
github.com/necroin/golibs v0.0.0-20240504202415-32eede095363/go.mod h1:LZ7xqxBv89h0t3n2DliRFpOtQCz2j1UUgMpUaKxPwLU=
github.com/necroin/golibs v0.0.0-20240505212329-490d1177c3fc h1:m2G21AO/3kqWEhpWuCzgLNNnsuP71k3p6OU+q02KEAY=
github.com/necroin/golibs v0.0.0-20240505212329-490d1177c3fc/go.mod h1:LZ7xqxBv89h0t3n2DliRFpOtQCz2j1UUgMpUaKxPwLU=
github.com/pmezard/go-difflib v1.0.0 h1:4DBwDE0NGyQoBHbLQYPwSUPoCMWR5BEzIk/f1lZbAQM=
github.com/pmezard/go-difflib v1.0.0/go.mod h1:iKH77koFhYxTK1pcRnkKkqfTogsbg7gZNVY4sRDYZ/4=
github.com/robfig/cron v1.2.0 h1:ZjScXvvxeQ63Dbyxy76Fj3AT3Ut0aKsyd2/tl3DTMuQ=
github.com/robfig/cron v1.2.0/go.mod h1:JGuDeoQd7Z6yL4zQhZ3OPEVHB7fL6Ka6skscFHfmt2k=
github.com/stretchr/testify v1.9.0 h1:HtqpIVDClZ4nwg75+f6Lvsy/wHu+3BoSGCbBAcpTsTg=
github.com/stretchr/testify v1.9.0/go.mod h1:r2ic/lqez/lEtzL7wO/rwa5dbSLXVDPFyf8C91i36aY=
golang.org/x/sys v0.0.0-20201018230417-eeed37f84f13/go.mod h1:h1NjWce9XRLGQEsW7wpKNCjG9DtNlClVuFLEZdDNbEs=
golang.org/x/sys v0.19.0 h1:q5f1RH2jigJ1MoAWp2KTp3gm5zAGFUTarQZ5U386+4o=
golang.org/x/sys v0.19.0/go.mod h1:/VUhepiaJMQUp4+oa/7Zr1D23ma6VTLIYjOOTFZPUcA=
gopkg.in/ini.v1 v1.67.0 h1:Dgnx+6+nfE+IfzjUEISNeydPJh9AXNNsWbGP9KzCsOA=
gopkg.in/ini.v1 v1.67.0/go.mod h1:pNLf8WUiyNEtQjuu5G5vTm06TEv9tsIgeAvK8hOrP4k=
gopkg.in/yaml.v3 v3.0.1 h1:fxVm/GzAzEWqLHuvctI91KS9hhNmmWOoWu0XTYJS7CA=
gopkg.in/yaml.v3 v3.0.1/go.mod h1:K4uyk7z7BCEPqu6E+C64Yfv1cQ7kz7rIZviUmN+EgEM=
